
Microsoft Visual Studio Solution File, Format Version 12.00
# Visual Studio Version 17
VisualStudioVersion = 17.0.31903.59
MinimumVisualStudioVersion = 10.0.40219.1
Project("{FAE04EC0-301F-11D3-BF4B-00C04F79EFBC}") = "Quiz.Web", "Quiz.Web\Quiz.Web.csproj", "{3F0111EA-3F64-433E-9A37-221E6FAAA9C0}"
EndProject
Project("{2150E333-8FDC-42A3-9474-1A3956D46DE8}") = "Tests", "Tests", "{0AB3BF05-4346-4AA6-1389-037BE0695223}"
EndProject
Project("{FAE04EC0-301F-11D3-BF4B-00C04F79EFBC}") = "Quiz.Web.Tests", "Tests\Quiz.Web.Tests\Quiz.Web.Tests.csproj", "{A21A2C42-2207-4B2A-8F47-23E24F54A694}"
EndProject
Global
	GlobalSection(SolutionConfigurationPlatforms) = preSolution
		Debug|Any CPU = Debug|Any CPU
		Debug|x64 = Debug|x64
		Debug|x86 = Debug|x86
		Release|Any CPU = Release|Any CPU
		Release|x64 = Release|x64
		Release|x86 = Release|x86
	EndGlobalSection
	GlobalSection(ProjectConfigurationPlatforms) = postSolution
		{3F0111EA-3F64-433E-9A37-221E6FAAA9C0}.Debug|Any CPU.ActiveCfg = Debug|Any CPU
		{3F0111EA-3F64-433E-9A37-221E6FAAA9C0}.Debug|Any CPU.Build.0 = Debug|Any CPU
		{3F0111EA-3F64-433E-9A37-221E6FAAA9C0}.Debug|x64.ActiveCfg = Debug|Any CPU
		{3F0111EA-3F64-433E-9A37-221E6FAAA9C0}.Debug|x64.Build.0 = Debug|Any CPU
		{3F0111EA-3F64-433E-9A37-221E6FAAA9C0}.Debug|x86.ActiveCfg = Debug|Any CPU
		{3F0111EA-3F64-433E-9A37-221E6FAAA9C0}.Debug|x86.Build.0 = Debug|Any CPU
		{3F0111EA-3F64-433E-9A37-221E6FAAA9C0}.Release|Any CPU.ActiveCfg = Release|Any CPU
		{3F0111EA-3F64-433E-9A37-221E6FAAA9C0}.Release|Any CPU.Build.0 = Release|Any CPU
		{3F0111EA-3F64-433E-9A37-221E6FAAA9C0}.Release|x64.ActiveCfg = Release|Any CPU
		{3F0111EA-3F64-433E-9A37-221E6FAAA9C0}.Release|x64.Build.0 = Release|Any CPU
		{3F0111EA-3F64-433E-9A37-221E6FAAA9C0}.Release|x86.ActiveCfg = Release|Any CPU
		{3F0111EA-3F64-433E-9A37-221E6FAAA9C0}.Release|x86.Build.0 = Release|Any CPU
		{A21A2C42-2207-4B2A-8F47-23E24F54A694}.Debug|Any CPU.ActiveCfg = Debug|Any CPU
		{A21A2C42-2207-4B2A-8F47-23E24F54A694}.Debug|Any CPU.Build.0 = Debug|Any CPU
		{A21A2C42-2207-4B2A-8F47-23E24F54A694}.Debug|x64.ActiveCfg = Debug|Any CPU
		{A21A2C42-2207-4B2A-8F47-23E24F54A694}.Debug|x64.Build.0 = Debug|Any CPU
		{A21A2C42-2207-4B2A-8F47-23E24F54A694}.Debug|x86.ActiveCfg = Debug|Any CPU
		{A21A2C42-2207-4B2A-8F47-23E24F54A694}.Debug|x86.Build.0 = Debug|Any CPU
		{A21A2C42-2207-4B2A-8F47-23E24F54A694}.Release|Any CPU.ActiveCfg = Release|Any CPU
		{A21A2C42-2207-4B2A-8F47-23E24F54A694}.Release|Any CPU.Build.0 = Release|Any CPU
		{A21A2C42-2207-4B2A-8F47-23E24F54A694}.Release|x64.ActiveCfg = Release|Any CPU
		{A21A2C42-2207-4B2A-8F47-23E24F54A694}.Release|x64.Build.0 = Release|Any CPU
		{A21A2C42-2207-4B2A-8F47-23E24F54A694}.Release|x86.ActiveCfg = Release|Any CPU
		{A21A2C42-2207-4B2A-8F47-23E24F54A694}.Release|x86.Build.0 = Release|Any CPU
	EndGlobalSection
	GlobalSection(SolutionProperties) = preSolution
		HideSolutionNode = FALSE
	EndGlobalSection
	GlobalSection(NestedProjects) = preSolution
		{A21A2C42-2207-4B2A-8F47-23E24F54A694} = {0AB3BF05-4346-4AA6-1389-037BE0695223}
	EndGlobalSection
EndGlobal
